
Microsoft Visual Studio Solution File, Format Version 12.00
# Visual Studio Version 16
VisualStudioVersion = 16.0.31105.61
MinimumVisualStudioVersion = 10.0.40219.1
Project("{F184B08F-C81C-45F6-A57F-5ABD9991F28F}") = "PV_11 Aplikasi CRUD", "PV_11 Aplikasi CRUD.vbproj", "{483B2AFB-706D-46D2-82D3-538E4EF4F60F}"
EndProject
Global
	GlobalSection(SolutionConfigurationPlatforms) = preSolution
		Debug|Any CPU = Debug|Any CPU
		Release|Any CPU = Release|Any CPU
	EndGlobalSection
	GlobalSection(ProjectConfigurationPlatforms) = postSolution
		{483B2AFB-706D-46D2-82D3-538E4EF4F60F}.Debug|Any CPU.ActiveCfg = Debug|Any CPU
		{483B2AFB-706D-46D2-82D3-538E4EF4F60F}.Debug|Any CPU.Build.0 = Debug|Any CPU
		{483B2AFB-706D-46D2-82D3-538E4EF4F60F}.Release|Any CPU.ActiveCfg = Release|Any CPU
		{483B2AFB-706D-46D2-82D3-538E4EF4F60F}.Release|Any CPU.Build.0 = Release|Any CPU
	EndGlobalSection
	GlobalSection(SolutionProperties) = preSolution
		HideSolutionNode = FALSE
	EndGlobalSection
	GlobalSection(ExtensibilityGlobals) = postSolution
		SolutionGuid = {CEEA53AE-2AB9-4695-B4EF-0E2277968CC3}
	EndGlobalSection
EndGlobal
